
Microsoft Visual Studio Solution File, Format Version 12.00
# Visual Studio Version 17
VisualStudioVersion = 17.6.33815.320
MinimumVisualStudioVersion = 10.0.40219.1
Project("{9A19103F-16F7-4668-BE54-9A1E7A4F7556}") = "SaleKiosk.WebAPI", "SaleKiosk.WebAPI\SaleKiosk.WebAPI.csproj", "{2EFE8E97-8ADF-472A-92F7-CC7A6E82CE18}"
EndProject
Project("{9A19103F-16F7-4668-BE54-9A1E7A4F7556}") = "SaleKiosk.Application", "SaleKiosk.Application\SaleKiosk.Application.csproj", "{96BDC9D7-5418-4EB0-9278-2B6FBD57A2E9}"
EndProject
Project("{9A19103F-16F7-4668-BE54-9A1E7A4F7556}") = "SaleKiosk.Domain", "SaleKiosk.Domain\SaleKiosk.Domain.csproj", "{4915B52A-1015-46EB-8B5A-23E3584B4BE1}"
EndProject
Project("{9A19103F-16F7-4668-BE54-9A1E7A4F7556}") = "SaleKiosk.Infrastructure", "SaleKiosk.Infrastructure\SaleKiosk.Infrastructure.csproj", "{73AA0E3E-B772-4A41-8746-A996A8F90E94}"
EndProject
Project("{9A19103F-16F7-4668-BE54-9A1E7A4F7556}") = "SaleKiosk.BlazorServer", "SaleKiosk.BlazorServer\SaleKiosk.BlazorServer.csproj", "{598092B7-6D67-446F-B9D0-51A432CE15DF}"
EndProject
Project("{9A19103F-16F7-4668-BE54-9A1E7A4F7556}") = "SaleKiosk.BlazorClient", "SaleKiosk.BlazorClient\SaleKiosk.BlazorClient.csproj", "{F3874BCF-5C4D-4D53-84C4-494AA3A6D417}"
EndProject
Project("{9A19103F-16F7-4668-BE54-9A1E7A4F7556}") = "SaleKiosk.SharedKernel", "SaleKiosk.SharedKernel\SaleKiosk.SharedKernel.csproj", "{75A2F791-69EE-460A-B3DC-7A62B9C5758B}"
EndProject
Global
	GlobalSection(SolutionConfigurationPlatforms) = preSolution
		Debug|Any CPU = Debug|Any CPU
		Release|Any CPU = Release|Any CPU
	EndGlobalSection
	GlobalSection(ProjectConfigurationPlatforms) = postSolution
		{2EFE8E97-8ADF-472A-92F7-CC7A6E82CE18}.Debug|Any CPU.ActiveCfg = Debug|Any CPU
		{2EFE8E97-8ADF-472A-92F7-CC7A6E82CE18}.Debug|Any CPU.Build.0 = Debug|Any CPU
		{2EFE8E97-8ADF-472A-92F7-CC7A6E82CE18}.Release|Any CPU.ActiveCfg = Release|Any CPU
		{2EFE8E97-8ADF-472A-92F7-CC7A6E82CE18}.Release|Any CPU.Build.0 = Release|Any CPU
		{96BDC9D7-5418-4EB0-9278-2B6FBD57A2E9}.Debug|Any CPU.ActiveCfg = Debug|Any CPU
		{96BDC9D7-5418-4EB0-9278-2B6FBD57A2E9}.Debug|Any CPU.Build.0 = Debug|Any CPU
		{96BDC9D7-5418-4EB0-9278-2B6FBD57A2E9}.Release|Any CPU.ActiveCfg = Release|Any CPU
		{96BDC9D7-5418-4EB0-9278-2B6FBD57A2E9}.Release|Any CPU.Build.0 = Release|Any CPU
		{4915B52A-1015-46EB-8B5A-23E3584B4BE1}.Debug|Any CPU.ActiveCfg = Debug|Any CPU
		{4915B52A-1015-46EB-8B5A-23E3584B4BE1}.Debug|Any CPU.Build.0 = Debug|Any CPU
		{4915B52A-1015-46EB-8B5A-23E3584B4BE1}.Release|Any CPU.ActiveCfg = Release|Any CPU
		{4915B52A-1015-46EB-8B5A-23E3584B4BE1}.Release|Any CPU.Build.0 = Release|Any CPU
		{73AA0E3E-B772-4A41-8746-A996A8F90E94}.Debug|Any CPU.ActiveCfg = Debug|Any CPU
		{73AA0E3E-B772-4A41-8746-A996A8F90E94}.Debug|Any CPU.Build.0 = Debug|Any CPU
		{73AA0E3E-B772-4A41-8746-A996A8F90E94}.Release|Any CPU.ActiveCfg = Release|Any CPU
		{73AA0E3E-B772-4A41-8746-A996A8F90E94}.Release|Any CPU.Build.0 = Release|Any CPU
		{598092B7-6D67-446F-B9D0-51A432CE15DF}.Debug|Any CPU.ActiveCfg = Debug|Any CPU
		{598092B7-6D67-446F-B9D0-51A432CE15DF}.Debug|Any CPU.Build.0 = Debug|Any CPU
		{598092B7-6D67-446F-B9D0-51A432CE15DF}.Release|Any CPU.ActiveCfg = Release|Any CPU
		{598092B7-6D67-446F-B9D0-51A432CE15DF}.Release|Any CPU.Build.0 = Release|Any CPU
		{F3874BCF-5C4D-4D53-84C4-494AA3A6D417}.Debug|Any CPU.ActiveCfg = Debug|Any CPU
		{F3874BCF-5C4D-4D53-84C4-494AA3A6D417}.Debug|Any CPU.Build.0 = Debug|Any CPU
		{F3874BCF-5C4D-4D53-84C4-494AA3A6D417}.Release|Any CPU.ActiveCfg = Release|Any CPU
		{F3874BCF-5C4D-4D53-84C4-494AA3A6D417}.Release|Any CPU.Build.0 = Release|Any CPU
		{75A2F791-69EE-460A-B3DC-7A62B9C5758B}.Debug|Any CPU.ActiveCfg = Debug|Any CPU
		{75A2F791-69EE-460A-B3DC-7A62B9C5758B}.Debug|Any CPU.Build.0 = Debug|Any CPU
		{75A2F791-69EE-460A-B3DC-7A62B9C5758B}.Release|Any CPU.ActiveCfg = Release|Any CPU
		{75A2F791-69EE-460A-B3DC-7A62B9C5758B}.Release|Any CPU.Build.0 = Release|Any CPU
	EndGlobalSection
	GlobalSection(SolutionProperties) = preSolution
		HideSolutionNode = FALSE
	EndGlobalSection
	GlobalSection(ExtensibilityGlobals) = postSolution
		SolutionGuid = {C1457770-F8C1-4272-92EC-336592C51158}
	EndGlobalSection
EndGlobal
